// !$*UTF8*$!
{
	archiveVersion = 1;
	classes = {
	};
	objectVersion = 56;
	objects = {

/* Begin PBXFileReference section */
		5C70DC262A13BF6600A54A50 /* README.md */ = {isa = PBXFileReference; lastKnownFileType = net.daringfireball.markdown; path = README.md; sourceTree = "<group>"; };
		5C70DC272A13BF9000A54A50 /* main.go */ = {isa = PBXFileReference; lastKnownFileType = text; path = main.go; sourceTree = "<group>"; };
		5C70DC282A13BFE200A54A50 /* buffer */ = {isa = PBXFileReference; lastKnownFileType = folder; path = buffer; sourceTree = "<group>"; };
		5C70DC2A2A13C10C00A54A50 /* ThePieceTable.pdf */ = {isa = PBXFileReference; lastKnownFileType = image.pdf; path = ThePieceTable.pdf; sourceTree = "<group>"; };
/* End PBXFileReference section */

/* Begin PBXGroup section */
		5C70DC1E2A13BF0900A54A50 = {
			isa = PBXGroup;
			children = (
				5C70DC292A13C0F800A54A50 /* docs */,
				5C70DC282A13BFE200A54A50 /* buffer */,
				5C70DC262A13BF6600A54A50 /* README.md */,
				5C70DC272A13BF9000A54A50 /* main.go */,
			);
			sourceTree = "<group>";
		};
		5C70DC292A13C0F800A54A50 /* docs */ = {
			isa = PBXGroup;
			children = (
				5C70DC2A2A13C10C00A54A50 /* ThePieceTable.pdf */,
			);
			path = docs;
			sourceTree = "<group>";
		};
/* End PBXGroup section */

/* Begin PBXProject section */
		5C70DC1F2A13BF0900A54A50 /* Project object */ = {
			isa = PBXProject;
			attributes = {
				BuildIndependentTargetsInParallel = 1;
				LastUpgradeCheck = 1420;
			};
			buildConfigurationList = 5C70DC222A13BF0900A54A50 /* Build configuration list for PBXProject "ke" */;
			compatibilityVersion = "Xcode 14.0";
			developmentRegion = en;
			hasScannedForEncodings = 0;
			knownRegions = (
				en,
				Base,
			);
			mainGroup = 5C70DC1E2A13BF0900A54A50;
			projectDirPath = "";
			projectRoot = "";
			targets = (
			);
		};
/* End PBXProject section */

/* Begin XCBuildConfiguration section */
		5C70DC232A13BF0900A54A50 /* Debug */ = {
			isa = XCBuildConfiguration;
			buildSettings = {
			};
			name = Debug;
		};
		5C70DC242A13BF0900A54A50 /* Release */ = {
			isa = XCBuildConfiguration;
			buildSettings = {
			};
			name = Release;
		};
/* End XCBuildConfiguration section */

/* Begin XCConfigurationList section */
		5C70DC222A13BF0900A54A50 /* Build configuration list for PBXProject "ke" */ = {
			isa = XCConfigurationList;
			buildConfigurations = (
				5C70DC232A13BF0900A54A50 /* Debug */,
				5C70DC242A13BF0900A54A50 /* Release */,
			);
			defaultConfigurationIsVisible = 0;
			defaultConfigurationName = Release;
		};
/* End XCConfigurationList section */
	};
	rootObject = 5C70DC1F2A13BF0900A54A50 /* Project object */;
}
